// !$*UTF8*$!
{
	archiveVersion = 1;
	classes = {
	};
	objectVersion = 55;
	objects = {

/* Begin PBXBuildFile section */
		201588CE2805881B00FE0C54 /* MovieListViewController.swift in Sources */ = {isa = PBXBuildFile; fileRef = 201588CD2805881B00FE0C54 /* MovieListViewController.swift */; };
		201588D028058CAD00FE0C54 /* SearchBarView.swift in Sources */ = {isa = PBXBuildFile; fileRef = 201588CF28058CAD00FE0C54 /* SearchBarView.swift */; };
		201588D22805FFAF00FE0C54 /* HomeScreenMoviesView.swift in Sources */ = {isa = PBXBuildFile; fileRef = 201588D12805FFAF00FE0C54 /* HomeScreenMoviesView.swift */; };
		201588D7280601AA00FE0C54 /* HorizontalMoviesView.swift in Sources */ = {isa = PBXBuildFile; fileRef = 201588D6280601AA00FE0C54 /* HorizontalMoviesView.swift */; };
		201588DA2806BE1600FE0C54 /* MovieAppData in Frameworks */ = {isa = PBXBuildFile; productRef = 201588D92806BE1600FE0C54 /* MovieAppData */; };
		201588DC2806BFAF00FE0C54 /* MovieCollectionViewCell.swift in Sources */ = {isa = PBXBuildFile; fileRef = 201588DB2806BFAF00FE0C54 /* MovieCollectionViewCell.swift */; };
		201588DE2806D6FA00FE0C54 /* MovieCategoryView.swift in Sources */ = {isa = PBXBuildFile; fileRef = 201588DD2806D6FA00FE0C54 /* MovieCategoryView.swift */; };
		2017CDA1282551E500365926 /* MovieFavoritesViewController.swift in Sources */ = {isa = PBXBuildFile; fileRef = 2017CDA0282551E500365926 /* MovieFavoritesViewController.swift */; };
		20317DB128048C4B009A3DE8 /* MovieImageView.swift in Sources */ = {isa = PBXBuildFile; fileRef = 20317DB028048C4B009A3DE8 /* MovieImageView.swift */; };
		20317DB328048FB9009A3DE8 /* MovieOverviewView.swift in Sources */ = {isa = PBXBuildFile; fileRef = 20317DB228048FB9009A3DE8 /* MovieOverviewView.swift */; };
		20317DB528049479009A3DE8 /* MoviePeopleView.swift in Sources */ = {isa = PBXBuildFile; fileRef = 20317DB428049479009A3DE8 /* MoviePeopleView.swift */; };
		2052056727F32F9F00E99E86 /* MovieDetailsViewController.swift in Sources */ = {isa = PBXBuildFile; fileRef = 2052056627F32F9F00E99E86 /* MovieDetailsViewController.swift */; };
		205492E72809FFEE0098B7A5 /* HomeScreenFocusedView.swift in Sources */ = {isa = PBXBuildFile; fileRef = 205492E62809FFEE0098B7A5 /* HomeScreenFocusedView.swift */; };
		205492E9280A01830098B7A5 /* FocusedHomeTableViewCell.swift in Sources */ = {isa = PBXBuildFile; fileRef = 205492E8280A01830098B7A5 /* FocusedHomeTableViewCell.swift */; };
		20647A4E28410DF200CA87A6 /* FavoriteMoviesView.swift in Sources */ = {isa = PBXBuildFile; fileRef = 20647A4D28410DF200CA87A6 /* FavoriteMoviesView.swift */; };
		207779412809E135007C81D1 /* HomeScreenTableViewCell.swift in Sources */ = {isa = PBXBuildFile; fileRef = 207779402809E135007C81D1 /* HomeScreenTableViewCell.swift */; };
		20906174285A25BE008F8A7F /* CoreDataStack.swift in Sources */ = {isa = PBXBuildFile; fileRef = 20906173285A25BE008F8A7F /* CoreDataStack.swift */; };
		2090617B285A26C3008F8A7F /* MovieDataBase+CoreDataClass.swift in Sources */ = {isa = PBXBuildFile; fileRef = 20906175285A26C3008F8A7F /* MovieDataBase+CoreDataClass.swift */; };
		2090617C285A26C3008F8A7F /* MovieDataBase+CoreDataProperties.swift in Sources */ = {isa = PBXBuildFile; fileRef = 20906176285A26C3008F8A7F /* MovieDataBase+CoreDataProperties.swift */; };
		2090617D285A26C3008F8A7F /* MovieGenreDataBase+CoreDataClass.swift in Sources */ = {isa = PBXBuildFile; fileRef = 20906177285A26C3008F8A7F /* MovieGenreDataBase+CoreDataClass.swift */; };
		2090617E285A26C3008F8A7F /* MovieGenreDataBase+CoreDataProperties.swift in Sources */ = {isa = PBXBuildFile; fileRef = 20906178285A26C3008F8A7F /* MovieGenreDataBase+CoreDataProperties.swift */; };
		2090617F285A26C3008F8A7F /* MovieGroupDataBase+CoreDataClass.swift in Sources */ = {isa = PBXBuildFile; fileRef = 20906179285A26C3008F8A7F /* MovieGroupDataBase+CoreDataClass.swift */; };
		20906180285A26C3008F8A7F /* MovieGroupDataBase+CoreDataProperties.swift in Sources */ = {isa = PBXBuildFile; fileRef = 2090617A285A26C3008F8A7F /* MovieGroupDataBase+CoreDataProperties.swift */; };
		20A09FBA27F2442E00E01001 /* AppDelegate.swift in Sources */ = {isa = PBXBuildFile; fileRef = 20A09FB927F2442E00E01001 /* AppDelegate.swift */; };
		20A09FBC27F2442E00E01001 /* SceneDelegate.swift in Sources */ = {isa = PBXBuildFile; fileRef = 20A09FBB27F2442E00E01001 /* SceneDelegate.swift */; };
		20A09FC327F2443200E01001 /* Assets.xcassets in Resources */ = {isa = PBXBuildFile; fileRef = 20A09FC227F2443200E01001 /* Assets.xcassets */; };
		20A09FC627F2443200E01001 /* LaunchScreen.storyboard in Resources */ = {isa = PBXBuildFile; fileRef = 20A09FC427F2443200E01001 /* LaunchScreen.storyboard */; };
		20A09FD227F24CDC00E01001 /* SnapKit in Frameworks */ = {isa = PBXBuildFile; productRef = 20A09FD127F24CDC00E01001 /* SnapKit */; };
		20B772A62826B6CC00E153EF /* RequestError.swift in Sources */ = {isa = PBXBuildFile; fileRef = 20B772A52826B6CC00E153EF /* RequestError.swift */; };
		20B772C728282DE100E153EF /* GenreCollectionViewCell.swift in Sources */ = {isa = PBXBuildFile; fileRef = 20B772C628282DE100E153EF /* GenreCollectionViewCell.swift */; };
		20B772CC28285F0500E153EF /* NetworkMonitor.swift in Sources */ = {isa = PBXBuildFile; fileRef = 20B772CB28285F0500E153EF /* NetworkMonitor.swift */; };
		20C80DB6283F96E0008A664E /* MovieData.xcdatamodeld in Sources */ = {isa = PBXBuildFile; fileRef = 20C80DB4283F96E0008A664E /* MovieData.xcdatamodeld */; };
		20C80DB8283F97FE008A664E /* MoviesRepository.swift in Sources */ = {isa = PBXBuildFile; fileRef = 20C80DB7283F97FE008A664E /* MoviesRepository.swift */; };
		20C80DBA283F981E008A664E /* MoviesDatabaseDataSource.swift in Sources */ = {isa = PBXBuildFile; fileRef = 20C80DB9283F981E008A664E /* MoviesDatabaseDataSource.swift */; };
		20C80DBC283F9837008A664E /* MoviesNetworkDataSource.swift in Sources */ = {isa = PBXBuildFile; fileRef = 20C80DBB283F9837008A664E /* MoviesNetworkDataSource.swift */; };
		20C80E20283FC6DF008A664E /* Movie.swift in Sources */ = {isa = PBXBuildFile; fileRef = 20C80E1F283FC6DF008A664E /* Movie.swift */; };
		20C80E22283FC70F008A664E /* Genre.swift in Sources */ = {isa = PBXBuildFile; fileRef = 20C80E21283FC70F008A664E /* Genre.swift */; };
		20C80E24283FC724008A664E /* GenreList.swift in Sources */ = {isa = PBXBuildFile; fileRef = 20C80E23283FC724008A664E /* GenreList.swift */; };
		20C80E26283FC740008A664E /* MovieDetails.swift in Sources */ = {isa = PBXBuildFile; fileRef = 20C80E25283FC740008A664E /* MovieDetails.swift */; };
		20C80E28283FC759008A664E /* MovieList.swift in Sources */ = {isa = PBXBuildFile; fileRef = 20C80E27283FC759008A664E /* MovieList.swift */; };
		20D7B1D2283E5A9F00420A31 /* GenreListView.swift in Sources */ = {isa = PBXBuildFile; fileRef = 20D7B1D1283E5A9F00420A31 /* GenreListView.swift */; };
		20D7B1D5283E5F5E00420A31 /* Kingfisher in Frameworks */ = {isa = PBXBuildFile; productRef = 20D7B1D4283E5F5E00420A31 /* Kingfisher */; };
/* End PBXBuildFile section */

/* Begin PBXFileReference section */
		201588CD2805881B00FE0C54 /* MovieListViewController.swift */ = {isa = PBXFileReference; lastKnownFileType = sourcecode.swift; path = MovieListViewController.swift; sourceTree = "<group>"; };
		201588CF28058CAD00FE0C54 /* SearchBarView.swift */ = {isa = PBXFileReference; lastKnownFileType = sourcecode.swift; path = SearchBarView.swift; sourceTree = "<group>"; };
		201588D12805FFAF00FE0C54 /* HomeScreenMoviesView.swift */ = {isa = PBXFileReference; lastKnownFileType = sourcecode.swift; path = HomeScreenMoviesView.swift; sourceTree = "<group>"; };
		201588D6280601AA00FE0C54 /* HorizontalMoviesView.swift */ = {isa = PBXFileReference; lastKnownFileType = sourcecode.swift; path = HorizontalMoviesView.swift; sourceTree = "<group>"; };
		201588DB2806BFAF00FE0C54 /* MovieCollectionViewCell.swift */ = {isa = PBXFileReference; lastKnownFileType = sourcecode.swift; path = MovieCollectionViewCell.swift; sourceTree = "<group>"; };
		201588DD2806D6FA00FE0C54 /* MovieCategoryView.swift */ = {isa = PBXFileReference; lastKnownFileType = sourcecode.swift; path = MovieCategoryView.swift; sourceTree = "<group>"; };
		2017CDA0282551E500365926 /* MovieFavoritesViewController.swift */ = {isa = PBXFileReference; lastKnownFileType = sourcecode.swift; path = MovieFavoritesViewController.swift; sourceTree = "<group>"; };
		20317DB028048C4B009A3DE8 /* MovieImageView.swift */ = {isa = PBXFileReference; lastKnownFileType = sourcecode.swift; path = MovieImageView.swift; sourceTree = "<group>"; };
		20317DB228048FB9009A3DE8 /* MovieOverviewView.swift */ = {isa = PBXFileReference; lastKnownFileType = sourcecode.swift; path = MovieOverviewView.swift; sourceTree = "<group>"; };
		20317DB428049479009A3DE8 /* MoviePeopleView.swift */ = {isa = PBXFileReference; lastKnownFileType = sourcecode.swift; path = MoviePeopleView.swift; sourceTree = "<group>"; };
		2052056627F32F9F00E99E86 /* MovieDetailsViewController.swift */ = {isa = PBXFileReference; lastKnownFileType = sourcecode.swift; path = MovieDetailsViewController.swift; sourceTree = "<group>"; };
		205492E62809FFEE0098B7A5 /* HomeScreenFocusedView.swift */ = {isa = PBXFileReference; lastKnownFileType = sourcecode.swift; path = HomeScreenFocusedView.swift; sourceTree = "<group>"; };
		205492E8280A01830098B7A5 /* FocusedHomeTableViewCell.swift */ = {isa = PBXFileReference; lastKnownFileType = sourcecode.swift; path = FocusedHomeTableViewCell.swift; sourceTree = "<group>"; };
		20647A4D28410DF200CA87A6 /* FavoriteMoviesView.swift */ = {isa = PBXFileReference; lastKnownFileType = sourcecode.swift; path = FavoriteMoviesView.swift; sourceTree = "<group>"; };
		207779402809E135007C81D1 /* HomeScreenTableViewCell.swift */ = {isa = PBXFileReference; lastKnownFileType = sourcecode.swift; path = HomeScreenTableViewCell.swift; sourceTree = "<group>"; };
		20906173285A25BE008F8A7F /* CoreDataStack.swift */ = {isa = PBXFileReference; lastKnownFileType = sourcecode.swift; path = CoreDataStack.swift; sourceTree = "<group>"; };
		20906175285A26C3008F8A7F /* MovieDataBase+CoreDataClass.swift */ = {isa = PBXFileReference; lastKnownFileType = sourcecode.swift; path = "MovieDataBase+CoreDataClass.swift"; sourceTree = "<group>"; };
		20906176285A26C3008F8A7F /* MovieDataBase+CoreDataProperties.swift */ = {isa = PBXFileReference; lastKnownFileType = sourcecode.swift; path = "MovieDataBase+CoreDataProperties.swift"; sourceTree = "<group>"; };
		20906177285A26C3008F8A7F /* MovieGenreDataBase+CoreDataClass.swift */ = {isa = PBXFileReference; lastKnownFileType = sourcecode.swift; path = "MovieGenreDataBase+CoreDataClass.swift"; sourceTree = "<group>"; };
		20906178285A26C3008F8A7F /* MovieGenreDataBase+CoreDataProperties.swift */ = {isa = PBXFileReference; lastKnownFileType = sourcecode.swift; path = "MovieGenreDataBase+CoreDataProperties.swift"; sourceTree = "<group>"; };
		20906179285A26C3008F8A7F /* MovieGroupDataBase+CoreDataClass.swift */ = {isa = PBXFileReference; lastKnownFileType = sourcecode.swift; path = "MovieGroupDataBase+CoreDataClass.swift"; sourceTree = "<group>"; };
		2090617A285A26C3008F8A7F /* MovieGroupDataBase+CoreDataProperties.swift */ = {isa = PBXFileReference; lastKnownFileType = sourcecode.swift; path = "MovieGroupDataBase+CoreDataProperties.swift"; sourceTree = "<group>"; };
		20A09FB627F2442E00E01001 /* MovieApp.app */ = {isa = PBXFileReference; explicitFileType = wrapper.application; includeInIndex = 0; path = MovieApp.app; sourceTree = BUILT_PRODUCTS_DIR; };
		20A09FB927F2442E00E01001 /* AppDelegate.swift */ = {isa = PBXFileReference; lastKnownFileType = sourcecode.swift; path = AppDelegate.swift; sourceTree = "<group>"; };
		20A09FBB27F2442E00E01001 /* SceneDelegate.swift */ = {isa = PBXFileReference; lastKnownFileType = sourcecode.swift; path = SceneDelegate.swift; sourceTree = "<group>"; };
		20A09FC227F2443200E01001 /* Assets.xcassets */ = {isa = PBXFileReference; lastKnownFileType = folder.assetcatalog; path = Assets.xcassets; sourceTree = "<group>"; };
		20A09FC527F2443200E01001 /* Base */ = {isa = PBXFileReference; lastKnownFileType = file.storyboard; name = Base; path = Base.lproj/LaunchScreen.storyboard; sourceTree = "<group>"; };
		20A09FC727F2443200E01001 /* Info.plist */ = {isa = PBXFileReference; lastKnownFileType = text.plist.xml; path = Info.plist; sourceTree = "<group>"; };
		20B772A52826B6CC00E153EF /* RequestError.swift */ = {isa = PBXFileReference; lastKnownFileType = sourcecode.swift; path = RequestError.swift; sourceTree = "<group>"; };
		20B772C628282DE100E153EF /* GenreCollectionViewCell.swift */ = {isa = PBXFileReference; lastKnownFileType = sourcecode.swift; path = GenreCollectionViewCell.swift; sourceTree = "<group>"; };
		20B772CB28285F0500E153EF /* NetworkMonitor.swift */ = {isa = PBXFileReference; lastKnownFileType = sourcecode.swift; path = NetworkMonitor.swift; sourceTree = "<group>"; };
		20C80DB5283F96E0008A664E /* MovieData.xcdatamodel */ = {isa = PBXFileReference; lastKnownFileType = wrapper.xcdatamodel; path = MovieData.xcdatamodel; sourceTree = "<group>"; };
		20C80DB7283F97FE008A664E /* MoviesRepository.swift */ = {isa = PBXFileReference; lastKnownFileType = sourcecode.swift; path = MoviesRepository.swift; sourceTree = "<group>"; };
		20C80DB9283F981E008A664E /* MoviesDatabaseDataSource.swift */ = {isa = PBXFileReference; lastKnownFileType = sourcecode.swift; path = MoviesDatabaseDataSource.swift; sourceTree = "<group>"; };
		20C80DBB283F9837008A664E /* MoviesNetworkDataSource.swift */ = {isa = PBXFileReference; lastKnownFileType = sourcecode.swift; path = MoviesNetworkDataSource.swift; sourceTree = "<group>"; };
		20C80E1F283FC6DF008A664E /* Movie.swift */ = {isa = PBXFileReference; lastKnownFileType = sourcecode.swift; path = Movie.swift; sourceTree = "<group>"; };
		20C80E21283FC70F008A664E /* Genre.swift */ = {isa = PBXFileReference; lastKnownFileType = sourcecode.swift; path = Genre.swift; sourceTree = "<group>"; };
		20C80E23283FC724008A664E /* GenreList.swift */ = {isa = PBXFileReference; lastKnownFileType = sourcecode.swift; path = GenreList.swift; sourceTree = "<group>"; };
		20C80E25283FC740008A664E /* MovieDetails.swift */ = {isa = PBXFileReference; lastKnownFileType = sourcecode.swift; path = MovieDetails.swift; sourceTree = "<group>"; };
		20C80E27283FC759008A664E /* MovieList.swift */ = {isa = PBXFileReference; lastKnownFileType = sourcecode.swift; path = MovieList.swift; sourceTree = "<group>"; };
		20D3E0002840CFB800EDBCC9 /* MovieData 2.xcdatamodel */ = {isa = PBXFileReference; lastKnownFileType = wrapper.xcdatamodel; path = "MovieData 2.xcdatamodel"; sourceTree = "<group>"; };
		20D7B1D1283E5A9F00420A31 /* GenreListView.swift */ = {isa = PBXFileReference; fileEncoding = 4; lastKnownFileType = sourcecode.swift; path = GenreListView.swift; sourceTree = "<group>"; };
/* End PBXFileReference section */

/* Begin PBXFrameworksBuildPhase section */
		20A09FB327F2442E00E01001 /* Frameworks */ = {
			isa = PBXFrameworksBuildPhase;
			buildActionMask = 2147483647;
			files = (
				20D7B1D5283E5F5E00420A31 /* Kingfisher in Frameworks */,
				20A09FD227F24CDC00E01001 /* SnapKit in Frameworks */,
				201588DA2806BE1600FE0C54 /* MovieAppData in Frameworks */,
			);
			runOnlyForDeploymentPostprocessing = 0;
		};
/* End PBXFrameworksBuildPhase section */

/* Begin PBXGroup section */
		201588CB280587AF00FE0C54 /* Views */ = {
			isa = PBXGroup;
			children = (
				20647A4C28410D1500CA87A6 /* FavoritesScreen */,
				201588D3280600FB00FE0C54 /* HomeScreen */,
				201588D42806010B00FE0C54 /* DetailsScreen */,
			);
			path = Views;
			sourceTree = "<group>";
		};
		201588CC280587EB00FE0C54 /* ViewControllers */ = {
			isa = PBXGroup;
			children = (
				2052056627F32F9F00E99E86 /* MovieDetailsViewController.swift */,
				201588CD2805881B00FE0C54 /* MovieListViewController.swift */,
				2017CDA0282551E500365926 /* MovieFavoritesViewController.swift */,
			);
			path = ViewControllers;
			sourceTree = "<group>";
		};
		201588D3280600FB00FE0C54 /* HomeScreen */ = {
			isa = PBXGroup;
			children = (
				20B772C828282E2B00E153EF /* GenreList */,
				20B86062280AFB1F00A38579 /* DefaultHomeScreen */,
				20B86063280AFB5300A38579 /* FocusedHomeScreen */,
				20B86064280AFB7800A38579 /* HorizontalMovieList */,
				201588CF28058CAD00FE0C54 /* SearchBarView.swift */,
			);
			path = HomeScreen;
			sourceTree = "<group>";
		};
		201588D42806010B00FE0C54 /* DetailsScreen */ = {
			isa = PBXGroup;
			children = (
				20317DB028048C4B009A3DE8 /* MovieImageView.swift */,
				20317DB228048FB9009A3DE8 /* MovieOverviewView.swift */,
				20317DB428049479009A3DE8 /* MoviePeopleView.swift */,
			);
			path = DetailsScreen;
			sourceTree = "<group>";
		};
		20647A4C28410D1500CA87A6 /* FavoritesScreen */ = {
			isa = PBXGroup;
			children = (
				20647A4D28410DF200CA87A6 /* FavoriteMoviesView.swift */,
			);
			path = FavoritesScreen;
			sourceTree = "<group>";
		};
		20A09FAD27F2442E00E01001 = {
			isa = PBXGroup;
			children = (
				20A09FB827F2442E00E01001 /* MovieApp */,
				20A09FB727F2442E00E01001 /* Products */,
			);
			sourceTree = "<group>";
		};
		20A09FB727F2442E00E01001 /* Products */ = {
			isa = PBXGroup;
			children = (
				20A09FB627F2442E00E01001 /* MovieApp.app */,
			);
			name = Products;
			sourceTree = "<group>";
		};
		20A09FB827F2442E00E01001 /* MovieApp */ = {
			isa = PBXGroup;
			children = (
				20C80DB3283F9616008A664E /* CoreData */,
				20B772A22826B32B00E153EF /* Service */,
				201588CC280587EB00FE0C54 /* ViewControllers */,
				201588CB280587AF00FE0C54 /* Views */,
				20A09FB927F2442E00E01001 /* AppDelegate.swift */,
				20A09FBB27F2442E00E01001 /* SceneDelegate.swift */,
				20A09FC427F2443200E01001 /* LaunchScreen.storyboard */,
				20A09FC227F2443200E01001 /* Assets.xcassets */,
				20A09FC727F2443200E01001 /* Info.plist */,
			);
			path = MovieApp;
			sourceTree = "<group>";
		};
		20B772A22826B32B00E153EF /* Service */ = {
			isa = PBXGroup;
			children = (
				20C80E1E283FC6D2008A664E /* Models */,
				20B772A92826BAEA00E153EF /* Enums */,
				20B772CB28285F0500E153EF /* NetworkMonitor.swift */,
			);
			path = Service;
			sourceTree = "<group>";
		};
		20B772A92826BAEA00E153EF /* Enums */ = {
			isa = PBXGroup;
			children = (
				20B772A52826B6CC00E153EF /* RequestError.swift */,
			);
			path = Enums;
			sourceTree = "<group>";
		};
		20B772C828282E2B00E153EF /* GenreList */ = {
			isa = PBXGroup;
			children = (
				20B772C628282DE100E153EF /* GenreCollectionViewCell.swift */,
				20D7B1D1283E5A9F00420A31 /* GenreListView.swift */,
				201588DD2806D6FA00FE0C54 /* MovieCategoryView.swift */,
			);
			path = GenreList;
			sourceTree = "<group>";
		};
		20B86062280AFB1F00A38579 /* DefaultHomeScreen */ = {
			isa = PBXGroup;
			children = (
				201588D12805FFAF00FE0C54 /* HomeScreenMoviesView.swift */,
				207779402809E135007C81D1 /* HomeScreenTableViewCell.swift */,
			);
			path = DefaultHomeScreen;
			sourceTree = "<group>";
		};
		20B86063280AFB5300A38579 /* FocusedHomeScreen */ = {
			isa = PBXGroup;
			children = (
				205492E8280A01830098B7A5 /* FocusedHomeTableViewCell.swift */,
				205492E62809FFEE0098B7A5 /* HomeScreenFocusedView.swift */,
			);
			path = FocusedHomeScreen;
			sourceTree = "<group>";
		};
		20B86064280AFB7800A38579 /* HorizontalMovieList */ = {
			isa = PBXGroup;
			children = (
				201588D6280601AA00FE0C54 /* HorizontalMoviesView.swift */,
				201588DB2806BFAF00FE0C54 /* MovieCollectionViewCell.swift */,
			);
			path = HorizontalMovieList;
			sourceTree = "<group>";
		};
		20C80DB3283F9616008A664E /* CoreData */ = {
			isa = PBXGroup;
			children = (
				20C80DE1283FAA0C008A664E /* Models */,
				20C80DB4283F96E0008A664E /* MovieData.xcdatamodeld */,
				20C80DB7283F97FE008A664E /* MoviesRepository.swift */,
				20C80DB9283F981E008A664E /* MoviesDatabaseDataSource.swift */,
				20C80DBB283F9837008A664E /* MoviesNetworkDataSource.swift */,
				20906173285A25BE008F8A7F /* CoreDataStack.swift */,
			);
			path = CoreData;
			sourceTree = "<group>";
		};
		20C80DE1283FAA0C008A664E /* Models */ = {
			isa = PBXGroup;
			children = (
				20906175285A26C3008F8A7F /* MovieDataBase+CoreDataClass.swift */,
				20906176285A26C3008F8A7F /* MovieDataBase+CoreDataProperties.swift */,
				20906177285A26C3008F8A7F /* MovieGenreDataBase+CoreDataClass.swift */,
				20906178285A26C3008F8A7F /* MovieGenreDataBase+CoreDataProperties.swift */,
				20906179285A26C3008F8A7F /* MovieGroupDataBase+CoreDataClass.swift */,
				2090617A285A26C3008F8A7F /* MovieGroupDataBase+CoreDataProperties.swift */,
			);
			path = Models;
			sourceTree = "<group>";
		};
		20C80E1E283FC6D2008A664E /* Models */ = {
			isa = PBXGroup;
			children = (
				20C80E1F283FC6DF008A664E /* Movie.swift */,
				20C80E21283FC70F008A664E /* Genre.swift */,
				20C80E23283FC724008A664E /* GenreList.swift */,
				20C80E25283FC740008A664E /* MovieDetails.swift */,
				20C80E27283FC759008A664E /* MovieList.swift */,
			);
			path = Models;
			sourceTree = "<group>";
		};
/* End PBXGroup section */

/* Begin PBXNativeTarget section */
		20A09FB527F2442E00E01001 /* MovieApp */ = {
			isa = PBXNativeTarget;
			buildConfigurationList = 20A09FCA27F2443200E01001 /* Build configuration list for PBXNativeTarget "MovieApp" */;
			buildPhases = (
				20A09FB227F2442E00E01001 /* Sources */,
				20A09FB327F2442E00E01001 /* Frameworks */,
				20A09FB427F2442E00E01001 /* Resources */,
			);
			buildRules = (
			);
			dependencies = (
			);
			name = MovieApp;
			packageProductDependencies = (
				20A09FD127F24CDC00E01001 /* SnapKit */,
				201588D92806BE1600FE0C54 /* MovieAppData */,
				20D7B1D4283E5F5E00420A31 /* Kingfisher */,
			);
			productName = MovieApp;
			productReference = 20A09FB627F2442E00E01001 /* MovieApp.app */;
			productType = "com.apple.product-type.application";
		};
/* End PBXNativeTarget section */

/* Begin PBXProject section */
		20A09FAE27F2442E00E01001 /* Project object */ = {
			isa = PBXProject;
			attributes = {
				BuildIndependentTargetsInParallel = 1;
				LastSwiftUpdateCheck = 1330;
				LastUpgradeCheck = 1330;
				TargetAttributes = {
					20A09FB527F2442E00E01001 = {
						CreatedOnToolsVersion = 13.3;
					};
				};
			};
			buildConfigurationList = 20A09FB127F2442E00E01001 /* Build configuration list for PBXProject "MovieApp" */;
			compatibilityVersion = "Xcode 13.0";
			developmentRegion = en;
			hasScannedForEncodings = 0;
			knownRegions = (
				en,
				Base,
			);
			mainGroup = 20A09FAD27F2442E00E01001;
			packageReferences = (
				20A09FD027F24CDC00E01001 /* XCRemoteSwiftPackageReference "SnapKit" */,
				201588D82806BE1600FE0C54 /* XCRemoteSwiftPackageReference "MovieAppData" */,
				20D7B1D3283E5F5E00420A31 /* XCRemoteSwiftPackageReference "Kingfisher" */,
			);
			productRefGroup = 20A09FB727F2442E00E01001 /* Products */;
			projectDirPath = "";
			projectRoot = "";
			targets = (
				20A09FB527F2442E00E01001 /* MovieApp */,
			);
		};
/* End PBXProject section */

/* Begin PBXResourcesBuildPhase section */
		20A09FB427F2442E00E01001 /* Resources */ = {
			isa = PBXResourcesBuildPhase;
			buildActionMask = 2147483647;
			files = (
				20A09FC627F2443200E01001 /* LaunchScreen.storyboard in Resources */,
				20A09FC327F2443200E01001 /* Assets.xcassets in Resources */,
			);
			runOnlyForDeploymentPostprocessing = 0;
		};
/* End PBXResourcesBuildPhase section */

/* Begin PBXSourcesBuildPhase section */
		20A09FB227F2442E00E01001 /* Sources */ = {
			isa = PBXSourcesBuildPhase;
			buildActionMask = 2147483647;
			files = (
				2052056727F32F9F00E99E86 /* MovieDetailsViewController.swift in Sources */,
				20317DB128048C4B009A3DE8 /* MovieImageView.swift in Sources */,
				20A09FBA27F2442E00E01001 /* AppDelegate.swift in Sources */,
				201588D7280601AA00FE0C54 /* HorizontalMoviesView.swift in Sources */,
				20C80E20283FC6DF008A664E /* Movie.swift in Sources */,
				20C80DBC283F9837008A664E /* MoviesNetworkDataSource.swift in Sources */,
				20A09FBC27F2442E00E01001 /* SceneDelegate.swift in Sources */,
				20B772C728282DE100E153EF /* GenreCollectionViewCell.swift in Sources */,
				20C80DB8283F97FE008A664E /* MoviesRepository.swift in Sources */,
				20C80E22283FC70F008A664E /* Genre.swift in Sources */,
				20B772CC28285F0500E153EF /* NetworkMonitor.swift in Sources */,
				207779412809E135007C81D1 /* HomeScreenTableViewCell.swift in Sources */,
				201588D028058CAD00FE0C54 /* SearchBarView.swift in Sources */,
				201588CE2805881B00FE0C54 /* MovieListViewController.swift in Sources */,
				201588DE2806D6FA00FE0C54 /* MovieCategoryView.swift in Sources */,
				20906180285A26C3008F8A7F /* MovieGroupDataBase+CoreDataProperties.swift in Sources */,
				20906174285A25BE008F8A7F /* CoreDataStack.swift in Sources */,
				20C80E26283FC740008A664E /* MovieDetails.swift in Sources */,
				2090617D285A26C3008F8A7F /* MovieGenreDataBase+CoreDataClass.swift in Sources */,
				20317DB528049479009A3DE8 /* MoviePeopleView.swift in Sources */,
				2090617E285A26C3008F8A7F /* MovieGenreDataBase+CoreDataProperties.swift in Sources */,
				20647A4E28410DF200CA87A6 /* FavoriteMoviesView.swift in Sources */,
				205492E9280A01830098B7A5 /* FocusedHomeTableViewCell.swift in Sources */,
				201588DC2806BFAF00FE0C54 /* MovieCollectionViewCell.swift in Sources */,
				2090617C285A26C3008F8A7F /* MovieDataBase+CoreDataProperties.swift in Sources */,
				20B772A62826B6CC00E153EF /* RequestError.swift in Sources */,
				205492E72809FFEE0098B7A5 /* HomeScreenFocusedView.swift in Sources */,
				2017CDA1282551E500365926 /* MovieFavoritesViewController.swift in Sources */,
				2090617F285A26C3008F8A7F /* MovieGroupDataBase+CoreDataClass.swift in Sources */,
				20C80E24283FC724008A664E /* GenreList.swift in Sources */,
				20D7B1D2283E5A9F00420A31 /* GenreListView.swift in Sources */,
				20317DB328048FB9009A3DE8 /* MovieOverviewView.swift in Sources */,
				20C80E28283FC759008A664E /* MovieList.swift in Sources */,
				20C80DB6283F96E0008A664E /* MovieData.xcdatamodeld in Sources */,
				20C80DBA283F981E008A664E /* MoviesDatabaseDataSource.swift in Sources */,
				201588D22805FFAF00FE0C54 /* HomeScreenMoviesView.swift in Sources */,
				2090617B285A26C3008F8A7F /* MovieDataBase+CoreDataClass.swift in Sources */,
			);
			runOnlyForDeploymentPostprocessing = 0;
		};
/* End PBXSourcesBuildPhase section */

/* Begin PBXVariantGroup section */
		20A09FC427F2443200E01001 /* LaunchScreen.storyboard */ = {
			isa = PBXVariantGroup;
			children = (
				20A09FC527F2443200E01001 /* Base */,
			);
			name = LaunchScreen.storyboard;
			sourceTree = "<group>";
		};
/* End PBXVariantGroup section */

/* Begin XCBuildConfiguration section */
		20A09FC827F2443200E01001 /* Debug */ = {
			isa = XCBuildConfiguration;
			buildSettings = {
				ALWAYS_SEARCH_USER_PATHS = NO;
				CLANG_ANALYZER_NONNULL = YES;
				CLANG_ANALYZER_NUMBER_OBJECT_CONVERSION = YES_AGGRESSIVE;
				CLANG_CXX_LANGUAGE_STANDARD = "gnu++17";
				CLANG_ENABLE_MODULES = YES;
				CLANG_ENABLE_OBJC_ARC = YES;
				CLANG_ENABLE_OBJC_WEAK = YES;
				CLANG_WARN_BLOCK_CAPTURE_AUTORELEASING = YES;
				CLANG_WARN_BOOL_CONVERSION = YES;
				CLANG_WARN_COMMA = YES;
				CLANG_WARN_CONSTANT_CONVERSION = YES;
				CLANG_WARN_DEPRECATED_OBJC_IMPLEMENTATIONS = YES;
				CLANG_WARN_DIRECT_OBJC_ISA_USAGE = YES_ERROR;
				CLANG_WARN_DOCUMENTATION_COMMENTS = YES;
				CLANG_WARN_EMPTY_BODY = YES;
				CLANG_WARN_ENUM_CONVERSION = YES;
				CLANG_WARN_INFINITE_RECURSION = YES;
				CLANG_WARN_INT_CONVERSION = YES;
				CLANG_WARN_NON_LITERAL_NULL_CONVERSION = YES;
				CLANG_WARN_OBJC_IMPLICIT_RETAIN_SELF = YES;
				CLANG_WARN_OBJC_LITERAL_CONVERSION = YES;
				CLANG_WARN_OBJC_ROOT_CLASS = YES_ERROR;
				CLANG_WARN_QUOTED_INCLUDE_IN_FRAMEWORK_HEADER = YES;
				CLANG_WARN_RANGE_LOOP_ANALYSIS = YES;
				CLANG_WARN_STRICT_PROTOTYPES = YES;
				CLANG_WARN_SUSPICIOUS_MOVE = YES;
				CLANG_WARN_UNGUARDED_AVAILABILITY = YES_AGGRESSIVE;
				CLANG_WARN_UNREACHABLE_CODE = YES;
				CLANG_WARN__DUPLICATE_METHOD_MATCH = YES;
				COPY_PHASE_STRIP = NO;
				DEBUG_INFORMATION_FORMAT = dwarf;
				ENABLE_STRICT_OBJC_MSGSEND = YES;
				ENABLE_TESTABILITY = YES;
				GCC_C_LANGUAGE_STANDARD = gnu11;
				GCC_DYNAMIC_NO_PIC = NO;
				GCC_NO_COMMON_BLOCKS = YES;
				GCC_OPTIMIZATION_LEVEL = 0;
				GCC_PREPROCESSOR_DEFINITIONS = (
					"DEBUG=1",
					"$(inherited)",
				);
				GCC_WARN_64_TO_32_BIT_CONVERSION = YES;
				GCC_WARN_ABOUT_RETURN_TYPE = YES_ERROR;
				GCC_WARN_UNDECLARED_SELECTOR = YES;
				GCC_WARN_UNINITIALIZED_AUTOS = YES_AGGRESSIVE;
				GCC_WARN_UNUSED_FUNCTION = YES;
				GCC_WARN_UNUSED_VARIABLE = YES;
				IPHONEOS_DEPLOYMENT_TARGET = 15.4;
				MTL_ENABLE_DEBUG_INFO = INCLUDE_SOURCE;
				MTL_FAST_MATH = YES;
				ONLY_ACTIVE_ARCH = YES;
				SDKROOT = iphoneos;
				SWIFT_ACTIVE_COMPILATION_CONDITIONS = DEBUG;
				SWIFT_OPTIMIZATION_LEVEL = "-Onone";
			};
			name = Debug;
		};
		20A09FC927F2443200E01001 /* Release */ = {
			isa = XCBuildConfiguration;
			buildSettings = {
				ALWAYS_SEARCH_USER_PATHS = NO;
				CLANG_ANALYZER_NONNULL = YES;
				CLANG_ANALYZER_NUMBER_OBJECT_CONVERSION = YES_AGGRESSIVE;
				CLANG_CXX_LANGUAGE_STANDARD = "gnu++17";
				CLANG_ENABLE_MODULES = YES;
				CLANG_ENABLE_OBJC_ARC = YES;
				CLANG_ENABLE_OBJC_WEAK = YES;
				CLANG_WARN_BLOCK_CAPTURE_AUTORELEASING = YES;
				CLANG_WARN_BOOL_CONVERSION = YES;
				CLANG_WARN_COMMA = YES;
				CLANG_WARN_CONSTANT_CONVERSION = YES;
				CLANG_WARN_DEPRECATED_OBJC_IMPLEMENTATIONS = YES;
				CLANG_WARN_DIRECT_OBJC_ISA_USAGE = YES_ERROR;
				CLANG_WARN_DOCUMENTATION_COMMENTS = YES;
				CLANG_WARN_EMPTY_BODY = YES;
				CLANG_WARN_ENUM_CONVERSION = YES;
				CLANG_WARN_INFINITE_RECURSION = YES;
				CLANG_WARN_INT_CONVERSION = YES;
				CLANG_WARN_NON_LITERAL_NULL_CONVERSION = YES;
				CLANG_WARN_OBJC_IMPLICIT_RETAIN_SELF = YES;
				CLANG_WARN_OBJC_LITERAL_CONVERSION = YES;
				CLANG_WARN_OBJC_ROOT_CLASS = YES_ERROR;
				CLANG_WARN_QUOTED_INCLUDE_IN_FRAMEWORK_HEADER = YES;
				CLANG_WARN_RANGE_LOOP_ANALYSIS = YES;
				CLANG_WARN_STRICT_PROTOTYPES = YES;
				CLANG_WARN_SUSPICIOUS_MOVE = YES;
				CLANG_WARN_UNGUARDED_AVAILABILITY = YES_AGGRESSIVE;
				CLANG_WARN_UNREACHABLE_CODE = YES;
				CLANG_WARN__DUPLICATE_METHOD_MATCH = YES;
				COPY_PHASE_STRIP = NO;
				DEBUG_INFORMATION_FORMAT = "dwarf-with-dsym";
				ENABLE_NS_ASSERTIONS = NO;
				ENABLE_STRICT_OBJC_MSGSEND = YES;
				GCC_C_LANGUAGE_STANDARD = gnu11;
				GCC_NO_COMMON_BLOCKS = YES;
				GCC_WARN_64_TO_32_BIT_CONVERSION = YES;
				GCC_WARN_ABOUT_RETURN_TYPE = YES_ERROR;
				GCC_WARN_UNDECLARED_SELECTOR = YES;
				GCC_WARN_UNINITIALIZED_AUTOS = YES_AGGRESSIVE;
				GCC_WARN_UNUSED_FUNCTION = YES;
				GCC_WARN_UNUSED_VARIABLE = YES;
				IPHONEOS_DEPLOYMENT_TARGET = 15.4;
				MTL_ENABLE_DEBUG_INFO = NO;
				MTL_FAST_MATH = YES;
				SDKROOT = iphoneos;
				SWIFT_COMPILATION_MODE = wholemodule;
				SWIFT_OPTIMIZATION_LEVEL = "-O";
				VALIDATE_PRODUCT = YES;
			};
			name = Release;
		};
		20A09FCB27F2443200E01001 /* Debug */ = {
			isa = XCBuildConfiguration;
			buildSettings = {
				ASSETCATALOG_COMPILER_APPICON_NAME = AppIcon;
				ASSETCATALOG_COMPILER_GLOBAL_ACCENT_COLOR_NAME = AccentColor;
				CODE_SIGN_STYLE = Automatic;
				CURRENT_PROJECT_VERSION = 1;
				DEVELOPMENT_TEAM = HB9BGJT94H;
				GENERATE_INFOPLIST_FILE = YES;
				INFOPLIST_FILE = MovieApp/Info.plist;
				INFOPLIST_KEY_UIApplicationSupportsIndirectInputEvents = YES;
				INFOPLIST_KEY_UILaunchStoryboardName = LaunchScreen;
				INFOPLIST_KEY_UISupportedInterfaceOrientations_iPad = "UIInterfaceOrientationPortrait UIInterfaceOrientationPortraitUpsideDown UIInterfaceOrientationLandscapeLeft UIInterfaceOrientationLandscapeRight";
				INFOPLIST_KEY_UISupportedInterfaceOrientations_iPhone = "UIInterfaceOrientationPortrait UIInterfaceOrientationLandscapeLeft UIInterfaceOrientationLandscapeRight";
				LD_RUNPATH_SEARCH_PATHS = (
					"$(inherited)",
					"@executable_path/Frameworks",
				);
				MARKETING_VERSION = 1.0;
				PRODUCT_BUNDLE_IDENTIFIER = hr.fer.dokic.nikola.MovieApp;
				PRODUCT_NAME = "$(TARGET_NAME)";
				SWIFT_EMIT_LOC_STRINGS = YES;
				SWIFT_VERSION = 5.0;
				TARGETED_DEVICE_FAMILY = "1,2";
			};
			name = Debug;
		};
		20A09FCC27F2443200E01001 /* Release */ = {
			isa = XCBuildConfiguration;
			buildSettings = {
				ASSETCATALOG_COMPILER_APPICON_NAME = AppIcon;
				ASSETCATALOG_COMPILER_GLOBAL_ACCENT_COLOR_NAME = AccentColor;
				CODE_SIGN_STYLE = Automatic;
				CURRENT_PROJECT_VERSION = 1;
				DEVELOPMENT_TEAM = HB9BGJT94H;
				GENERATE_INFOPLIST_FILE = YES;
				INFOPLIST_FILE = MovieApp/Info.plist;
				INFOPLIST_KEY_UIApplicationSupportsIndirectInputEvents = YES;
				INFOPLIST_KEY_UILaunchStoryboardName = LaunchScreen;
				INFOPLIST_KEY_UISupportedInterfaceOrientations_iPad = "UIInterfaceOrientationPortrait UIInterfaceOrientationPortraitUpsideDown UIInterfaceOrientationLandscapeLeft UIInterfaceOrientationLandscapeRight";
				INFOPLIST_KEY_UISupportedInterfaceOrientations_iPhone = "UIInterfaceOrientationPortrait UIInterfaceOrientationLandscapeLeft UIInterfaceOrientationLandscapeRight";
				LD_RUNPATH_SEARCH_PATHS = (
					"$(inherited)",
					"@executable_path/Frameworks",
				);
				MARKETING_VERSION = 1.0;
				PRODUCT_BUNDLE_IDENTIFIER = hr.fer.dokic.nikola.MovieApp;
				PRODUCT_NAME = "$(TARGET_NAME)";
				SWIFT_EMIT_LOC_STRINGS = YES;
				SWIFT_VERSION = 5.0;
				TARGETED_DEVICE_FAMILY = "1,2";
			};
			name = Release;
		};
/* End XCBuildConfiguration section */

/* Begin XCConfigurationList section */
		20A09FB127F2442E00E01001 /* Build configuration list for PBXProject "MovieApp" */ = {
			isa = XCConfigurationList;
			buildConfigurations = (
				20A09FC827F2443200E01001 /* Debug */,
				20A09FC927F2443200E01001 /* Release */,
			);
			defaultConfigurationIsVisible = 0;
			defaultConfigurationName = Release;
		};
		20A09FCA27F2443200E01001 /* Build configuration list for PBXNativeTarget "MovieApp" */ = {
			isa = XCConfigurationList;
			buildConfigurations = (
				20A09FCB27F2443200E01001 /* Debug */,
				20A09FCC27F2443200E01001 /* Release */,
			);
			defaultConfigurationIsVisible = 0;
			defaultConfigurationName = Release;
		};
/* End XCConfigurationList section */

/* Begin XCRemoteSwiftPackageReference section */
		201588D82806BE1600FE0C54 /* XCRemoteSwiftPackageReference "MovieAppData" */ = {
			isa = XCRemoteSwiftPackageReference;
			repositoryURL = "https://github.com/fiveagency/MovieAppData";
			requirement = {
				kind = upToNextMajorVersion;
				minimumVersion = 1.0.0;
			};
		};
		20A09FD027F24CDC00E01001 /* XCRemoteSwiftPackageReference "SnapKit" */ = {
			isa = XCRemoteSwiftPackageReference;
			repositoryURL = "https://github.com/SnapKit/SnapKit";
			requirement = {
				kind = upToNextMajorVersion;
				minimumVersion = 5.0.0;
			};
		};
		20D7B1D3283E5F5E00420A31 /* XCRemoteSwiftPackageReference "Kingfisher" */ = {
			isa = XCRemoteSwiftPackageReference;
			repositoryURL = "https://github.com/onevcat/Kingfisher.git";
			requirement = {
				kind = upToNextMajorVersion;
				minimumVersion = 7.0.0;
			};
		};
/* End XCRemoteSwiftPackageReference section */

/* Begin XCSwiftPackageProductDependency section */
		201588D92806BE1600FE0C54 /* MovieAppData */ = {
			isa = XCSwiftPackageProductDependency;
			package = 201588D82806BE1600FE0C54 /* XCRemoteSwiftPackageReference "MovieAppData" */;
			productName = MovieAppData;
		};
		20A09FD127F24CDC00E01001 /* SnapKit */ = {
			isa = XCSwiftPackageProductDependency;
			package = 20A09FD027F24CDC00E01001 /* XCRemoteSwiftPackageReference "SnapKit" */;
			productName = SnapKit;
		};
		20D7B1D4283E5F5E00420A31 /* Kingfisher */ = {
			isa = XCSwiftPackageProductDependency;
			package = 20D7B1D3283E5F5E00420A31 /* XCRemoteSwiftPackageReference "Kingfisher" */;
			productName = Kingfisher;
		};
/* End XCSwiftPackageProductDependency section */

/* Begin XCVersionGroup section */
		20C80DB4283F96E0008A664E /* MovieData.xcdatamodeld */ = {
			isa = XCVersionGroup;
			children = (
				20D3E0002840CFB800EDBCC9 /* MovieData 2.xcdatamodel */,
				20C80DB5283F96E0008A664E /* MovieData.xcdatamodel */,
			);
			currentVersion = 20C80DB5283F96E0008A664E /* MovieData.xcdatamodel */;
			path = MovieData.xcdatamodeld;
			sourceTree = "<group>";
			versionGroupType = wrapper.xcdatamodel;
		};
/* End XCVersionGroup section */
	};
	rootObject = 20A09FAE27F2442E00E01001 /* Project object */;
}
